// !$*UTF8*$!
{
	archiveVersion = 1;
	classes = {
	};
	objectVersion = 46;
	objects = {

/* Begin PBXBuildFile section */
		279724E71784850400F1FC64 /* MPBannerAdManager.m in Sources */ = {isa = PBXBuildFile; fileRef = 279724731784850400F1FC64 /* MPBannerAdManager.m */; };
		279724E81784850400F1FC64 /* MPBannerCustomEventAdapter.m in Sources */ = {isa = PBXBuildFile; fileRef = 279724761784850400F1FC64 /* MPBannerCustomEventAdapter.m */; };
		279724E91784850400F1FC64 /* MPBaseBannerAdapter.m in Sources */ = {isa = PBXBuildFile; fileRef = 279724781784850400F1FC64 /* MPBaseBannerAdapter.m */; };
		279724EA1784850400F1FC64 /* MPLegacyBannerCustomEventAdapter.m in Sources */ = {isa = PBXBuildFile; fileRef = 2797247A1784850400F1FC64 /* MPLegacyBannerCustomEventAdapter.m */; };
		279724EB1784850400F1FC64 /* MPAdBrowserController.m in Sources */ = {isa = PBXBuildFile; fileRef = 2797247E1784850400F1FC64 /* MPAdBrowserController.m */; };
		279724EC1784850400F1FC64 /* MPAdBrowserController.xib in Resources */ = {isa = PBXBuildFile; fileRef = 2797247F1784850400F1FC64 /* MPAdBrowserController.xib */; };
		279724ED1784850400F1FC64 /* MPAdConfiguration.m in Sources */ = {isa = PBXBuildFile; fileRef = 279724811784850400F1FC64 /* MPAdConfiguration.m */; };
		279724EE1784850400F1FC64 /* MPAdDestinationDisplayAgent.m in Sources */ = {isa = PBXBuildFile; fileRef = 279724831784850400F1FC64 /* MPAdDestinationDisplayAgent.m */; };
		279724EF1784850400F1FC64 /* MPAdServerCommunicator.m in Sources */ = {isa = PBXBuildFile; fileRef = 279724851784850400F1FC64 /* MPAdServerCommunicator.m */; };
		279724F01784850400F1FC64 /* MPAdServerURLBuilder.m in Sources */ = {isa = PBXBuildFile; fileRef = 279724871784850400F1FC64 /* MPAdServerURLBuilder.m */; };
		279724F11784850400F1FC64 /* MPFacebookKeywordProvider.m in Sources */ = {isa = PBXBuildFile; fileRef = 279724891784850400F1FC64 /* MPFacebookKeywordProvider.m */; };
		279724F21784850400F1FC64 /* MPProgressOverlayView.m in Sources */ = {isa = PBXBuildFile; fileRef = 2797248C1784850400F1FC64 /* MPProgressOverlayView.m */; };
		279724F31784850400F1FC64 /* MPURLResolver.m in Sources */ = {isa = PBXBuildFile; fileRef = 2797248E1784850400F1FC64 /* MPURLResolver.m */; };
		279724F41784850400F1FC64 /* MPAdWebView.m in Sources */ = {isa = PBXBuildFile; fileRef = 279724911784850400F1FC64 /* MPAdWebView.m */; };
		279724F51784850400F1FC64 /* MPAdWebViewAgent.m in Sources */ = {isa = PBXBuildFile; fileRef = 279724931784850400F1FC64 /* MPAdWebViewAgent.m */; };
		279724F61784850400F1FC64 /* MPHTMLBannerCustomEvent.m in Sources */ = {isa = PBXBuildFile; fileRef = 279724951784850400F1FC64 /* MPHTMLBannerCustomEvent.m */; };
		279724F71784850400F1FC64 /* MPHTMLInterstitialCustomEvent.m in Sources */ = {isa = PBXBuildFile; fileRef = 279724971784850400F1FC64 /* MPHTMLInterstitialCustomEvent.m */; };
		279724F81784850400F1FC64 /* MPHTMLInterstitialViewController.m in Sources */ = {isa = PBXBuildFile; fileRef = 279724991784850400F1FC64 /* MPHTMLInterstitialViewController.m */; };
		279724F91784850400F1FC64 /* MPBaseInterstitialAdapter.m in Sources */ = {isa = PBXBuildFile; fileRef = 2797249C1784850400F1FC64 /* MPBaseInterstitialAdapter.m */; };
		279724FA1784850400F1FC64 /* MPInterstitialAdManager.m in Sources */ = {isa = PBXBuildFile; fileRef = 2797249E1784850400F1FC64 /* MPInterstitialAdManager.m */; };
		279724FB1784850400F1FC64 /* MPInterstitialCustomEventAdapter.m in Sources */ = {isa = PBXBuildFile; fileRef = 279724A11784850400F1FC64 /* MPInterstitialCustomEventAdapter.m */; };
		279724FC1784850400F1FC64 /* MPInterstitialViewController.m in Sources */ = {isa = PBXBuildFile; fileRef = 279724A31784850400F1FC64 /* MPInterstitialViewController.m */; };
		279724FD1784850400F1FC64 /* MPLegacyInterstitialCustomEventAdapter.m in Sources */ = {isa = PBXBuildFile; fileRef = 279724A51784850400F1FC64 /* MPLegacyInterstitialCustomEventAdapter.m */; };
		279724FE1784850400F1FC64 /* MPInstanceProvider.m in Sources */ = {isa = PBXBuildFile; fileRef = 279724A81784850400F1FC64 /* MPInstanceProvider.m */; };
		279724FF1784850400F1FC64 /* LICENSE in Resources */ = {isa = PBXBuildFile; fileRef = 279724AA1784850400F1FC64 /* LICENSE */; };
		279725001784850400F1FC64 /* MPMRAIDBannerCustomEvent.m in Sources */ = {isa = PBXBuildFile; fileRef = 279724AC1784850400F1FC64 /* MPMRAIDBannerCustomEvent.m */; };
		279725011784850400F1FC64 /* MPMRAIDInterstitialCustomEvent.m in Sources */ = {isa = PBXBuildFile; fileRef = 279724AE1784850400F1FC64 /* MPMRAIDInterstitialCustomEvent.m */; };
		279725021784850400F1FC64 /* MPMRAIDInterstitialViewController.m in Sources */ = {isa = PBXBuildFile; fileRef = 279724B01784850400F1FC64 /* MPMRAIDInterstitialViewController.m */; };
		279725031784850400F1FC64 /* MRAdView.m in Sources */ = {isa = PBXBuildFile; fileRef = 279724B31784850400F1FC64 /* MRAdView.m */; };
		279725041784850400F1FC64 /* MRAdViewDisplayController.m in Sources */ = {isa = PBXBuildFile; fileRef = 279724B51784850400F1FC64 /* MRAdViewDisplayController.m */; };
		279725051784850400F1FC64 /* MRCommand.m in Sources */ = {isa = PBXBuildFile; fileRef = 279724B71784850400F1FC64 /* MRCommand.m */; };
		279725061784850400F1FC64 /* MRDimmingView.m in Sources */ = {isa = PBXBuildFile; fileRef = 279724B91784850400F1FC64 /* MRDimmingView.m */; };
		279725071784850400F1FC64 /* MRProperty.m in Sources */ = {isa = PBXBuildFile; fileRef = 279724BB1784850400F1FC64 /* MRProperty.m */; };
		279725081784850400F1FC64 /* NSURL+MPAdditions.m in Sources */ = {isa = PBXBuildFile; fileRef = 279724BF1784850400F1FC64 /* NSURL+MPAdditions.m */; };
		279725091784850400F1FC64 /* UIViewController+MPAdditions.m in Sources */ = {isa = PBXBuildFile; fileRef = 279724C11784850400F1FC64 /* UIViewController+MPAdditions.m */; };
		2797250A1784850400F1FC64 /* UIWebView+MPAdditions.m in Sources */ = {isa = PBXBuildFile; fileRef = 279724C31784850400F1FC64 /* UIWebView+MPAdditions.m */; };
		2797250B1784850400F1FC64 /* MPAnalyticsTracker.m in Sources */ = {isa = PBXBuildFile; fileRef = 279724C51784850400F1FC64 /* MPAnalyticsTracker.m */; };
		2797250C1784850400F1FC64 /* MPError.m in Sources */ = {isa = PBXBuildFile; fileRef = 279724C71784850400F1FC64 /* MPError.m */; };
		2797250D1784850400F1FC64 /* MPGlobal.m in Sources */ = {isa = PBXBuildFile; fileRef = 279724C91784850400F1FC64 /* MPGlobal.m */; };
		2797250E1784850400F1FC64 /* MPIdentityProvider.m in Sources */ = {isa = PBXBuildFile; fileRef = 279724CB1784850400F1FC64 /* MPIdentityProvider.m */; };
		2797250F1784850400F1FC64 /* MPLogging.m in Sources */ = {isa = PBXBuildFile; fileRef = 279724CD1784850400F1FC64 /* MPLogging.m */; };
		279725101784850400F1FC64 /* MPReachability.m in Sources */ = {isa = PBXBuildFile; fileRef = 279724CF1784850400F1FC64 /* MPReachability.m */; };
		279725111784850400F1FC64 /* MPSessionTracker.m in Sources */ = {isa = PBXBuildFile; fileRef = 279724D11784850400F1FC64 /* MPSessionTracker.m */; };
		279725121784850400F1FC64 /* MPStoreKitProvider.m in Sources */ = {isa = PBXBuildFile; fileRef = 279724D31784850400F1FC64 /* MPStoreKitProvider.m */; };
		279725131784850400F1FC64 /* MPTimer.m in Sources */ = {isa = PBXBuildFile; fileRef = 279724D51784850400F1FC64 /* MPTimer.m */; };
		279725141784850400F1FC64 /* MPAdConversionTracker.m in Sources */ = {isa = PBXBuildFile; fileRef = 279724D71784850400F1FC64 /* MPAdConversionTracker.m */; };
		279725151784850400F1FC64 /* MPAdView.m in Sources */ = {isa = PBXBuildFile; fileRef = 279724D91784850400F1FC64 /* MPAdView.m */; };
		279725161784850400F1FC64 /* MPBannerCustomEvent.m in Sources */ = {isa = PBXBuildFile; fileRef = 279724DB1784850400F1FC64 /* MPBannerCustomEvent.m */; };
		279725171784850400F1FC64 /* MPInterstitialAdController.m in Sources */ = {isa = PBXBuildFile; fileRef = 279724DF1784850400F1FC64 /* MPInterstitialAdController.m */; };
		279725181784850400F1FC64 /* MPInterstitialCustomEvent.m in Sources */ = {isa = PBXBuildFile; fileRef = 279724E11784850400F1FC64 /* MPInterstitialCustomEvent.m */; };
		279725191784850400F1FC64 /* MPCloseButtonX.png in Resources */ = {isa = PBXBuildFile; fileRef = 279724E41784850400F1FC64 /* MPCloseButtonX.png */; };
		2797251A1784850400F1FC64 /* MPCloseButtonX@2x.png in Resources */ = {isa = PBXBuildFile; fileRef = 279724E51784850400F1FC64 /* MPCloseButtonX@2x.png */; };
		2797251B1784850400F1FC64 /* MRAID.bundle in Resources */ = {isa = PBXBuildFile; fileRef = 279724E61784850400F1FC64 /* MRAID.bundle */; };
		2797256E1784855500F1FC64 /* CDataScanner.m in Sources */ = {isa = PBXBuildFile; fileRef = 279725551784855500F1FC64 /* CDataScanner.m */; };
		2797256F1784855500F1FC64 /* CFilteringJSONSerializer.m in Sources */ = {isa = PBXBuildFile; fileRef = 279725581784855500F1FC64 /* CFilteringJSONSerializer.m */; };
		279725701784855500F1FC64 /* CJSONDeserializer_BlocksExtensions.m in Sources */ = {isa = PBXBuildFile; fileRef = 2797255A1784855500F1FC64 /* CJSONDeserializer_BlocksExtensions.m */; };
		279725711784855500F1FC64 /* CJSONSerialization.m in Sources */ = {isa = PBXBuildFile; fileRef = 2797255C1784855500F1FC64 /* CJSONSerialization.m */; };
		279725721784855500F1FC64 /* CJSONSerializedData.m in Sources */ = {isa = PBXBuildFile; fileRef = 2797255E1784855500F1FC64 /* CJSONSerializedData.m */; };
		279725731784855500F1FC64 /* CDataScanner_Extensions.m in Sources */ = {isa = PBXBuildFile; fileRef = 279725611784855500F1FC64 /* CDataScanner_Extensions.m */; };
		279725741784855500F1FC64 /* NSDictionary_JSONExtensions.m in Sources */ = {isa = PBXBuildFile; fileRef = 279725631784855500F1FC64 /* NSDictionary_JSONExtensions.m */; };
		279725751784855500F1FC64 /* CJSONDeserializer.m in Sources */ = {isa = PBXBuildFile; fileRef = 279725661784855500F1FC64 /* CJSONDeserializer.m */; };
		279725761784855500F1FC64 /* CJSONScanner.m in Sources */ = {isa = PBXBuildFile; fileRef = 279725681784855500F1FC64 /* CJSONScanner.m */; };
		279725771784855500F1FC64 /* CJSONSerializer.m in Sources */ = {isa = PBXBuildFile; fileRef = 2797256A1784855500F1FC64 /* CJSONSerializer.m */; };
		279725781784855500F1FC64 /* LICENSE.txt in Resources */ = {isa = PBXBuildFile; fileRef = 2797256C1784855500F1FC64 /* LICENSE.txt */; };
		2797257D17848DED00F1FC64 /* SystemConfiguration.framework in Frameworks */ = {isa = PBXBuildFile; fileRef = 2797257C17848DED00F1FC64 /* SystemConfiguration.framework */; };
		2797257F17848E1100F1FC64 /* CoreTelephony.framework in Frameworks */ = {isa = PBXBuildFile; fileRef = 2797257E17848E1100F1FC64 /* CoreTelephony.framework */; };
		27DEEA3C17048CEB006FCEF8 /* UIKit.framework in Frameworks */ = {isa = PBXBuildFile; fileRef = 27DEEA3B17048CEB006FCEF8 /* UIKit.framework */; };
		27DEEA3E17048CEB006FCEF8 /* Foundation.framework in Frameworks */ = {isa = PBXBuildFile; fileRef = 27DEEA3D17048CEB006FCEF8 /* Foundation.framework */; };
		27DEEA4017048CEB006FCEF8 /* CoreGraphics.framework in Frameworks */ = {isa = PBXBuildFile; fileRef = 27DEEA3F17048CEB006FCEF8 /* CoreGraphics.framework */; };
		27DEEA4617048CEB006FCEF8 /* InfoPlist.strings in Resources */ = {isa = PBXBuildFile; fileRef = 27DEEA4417048CEB006FCEF8 /* InfoPlist.strings */; };
		27DEEA4817048CEB006FCEF8 /* main.m in Sources */ = {isa = PBXBuildFile; fileRef = 27DEEA4717048CEB006FCEF8 /* main.m */; };
		27DEEA4C17048CEB006FCEF8 /* TSAppDelegate.m in Sources */ = {isa = PBXBuildFile; fileRef = 27DEEA4B17048CEB006FCEF8 /* TSAppDelegate.m */; };
		27DEEA4E17048CEB006FCEF8 /* Default.png in Resources */ = {isa = PBXBuildFile; fileRef = 27DEEA4D17048CEB006FCEF8 /* Default.png */; };
		27DEEA5017048CEB006FCEF8 /* Default@2x.png in Resources */ = {isa = PBXBuildFile; fileRef = 27DEEA4F17048CEB006FCEF8 /* Default@2x.png */; };
		27DEEA5217048CEB006FCEF8 /* Default-568h@2x.png in Resources */ = {isa = PBXBuildFile; fileRef = 27DEEA5117048CEB006FCEF8 /* Default-568h@2x.png */; };
		27DEEA5517048CEB006FCEF8 /* MainStoryboard.storyboard in Resources */ = {isa = PBXBuildFile; fileRef = 27DEEA5317048CEB006FCEF8 /* MainStoryboard.storyboard */; };
		27DEEA5817048CEB006FCEF8 /* TSViewController.m in Sources */ = {isa = PBXBuildFile; fileRef = 27DEEA5717048CEB006FCEF8 /* TSViewController.m */; };
		27DEEB1D17048F2B006FCEF8 /* StoreKit.framework in Frameworks */ = {isa = PBXBuildFile; fileRef = 27DEEB1C17048F2B006FCEF8 /* StoreKit.framework */; };
		27DEEB1F17048F3B006FCEF8 /* AdSupport.framework in Frameworks */ = {isa = PBXBuildFile; fileRef = 27DEEB1E17048F3B006FCEF8 /* AdSupport.framework */; };
/* End PBXBuildFile section */

/* Begin PBXFileReference section */
		279724721784850400F1FC64 /* MPBannerAdManager.h */ = {isa = PBXFileReference; fileEncoding = 4; lastKnownFileType = sourcecode.c.h; path = MPBannerAdManager.h; sourceTree = "<group>"; };
		279724731784850400F1FC64 /* MPBannerAdManager.m */ = {isa = PBXFileReference; fileEncoding = 4; lastKnownFileType = sourcecode.c.objc; path = MPBannerAdManager.m; sourceTree = "<group>"; };
		279724741784850400F1FC64 /* MPBannerAdManagerDelegate.h */ = {isa = PBXFileReference; fileEncoding = 4; lastKnownFileType = sourcecode.c.h; path = MPBannerAdManagerDelegate.h; sourceTree = "<group>"; };
		279724751784850400F1FC64 /* MPBannerCustomEventAdapter.h */ = {isa = PBXFileReference; fileEncoding = 4; lastKnownFileType = sourcecode.c.h; path = MPBannerCustomEventAdapter.h; sourceTree = "<group>"; };
		279724761784850400F1FC64 /* MPBannerCustomEventAdapter.m */ = {isa = PBXFileReference; fileEncoding = 4; lastKnownFileType = sourcecode.c.objc; path = MPBannerCustomEventAdapter.m; sourceTree = "<group>"; };
		279724771784850400F1FC64 /* MPBaseBannerAdapter.h */ = {isa = PBXFileReference; fileEncoding = 4; lastKnownFileType = sourcecode.c.h; path = MPBaseBannerAdapter.h; sourceTree = "<group>"; };
		279724781784850400F1FC64 /* MPBaseBannerAdapter.m */ = {isa = PBXFileReference; fileEncoding = 4; lastKnownFileType = sourcecode.c.objc; path = MPBaseBannerAdapter.m; sourceTree = "<group>"; };
		279724791784850400F1FC64 /* MPLegacyBannerCustomEventAdapter.h */ = {isa = PBXFileReference; fileEncoding = 4; lastKnownFileType = sourcecode.c.h; path = MPLegacyBannerCustomEventAdapter.h; sourceTree = "<group>"; };
		2797247A1784850400F1FC64 /* MPLegacyBannerCustomEventAdapter.m */ = {isa = PBXFileReference; fileEncoding = 4; lastKnownFileType = sourcecode.c.objc; path = MPLegacyBannerCustomEventAdapter.m; sourceTree = "<group>"; };
		2797247B1784850400F1FC64 /* MPPrivateBannerCustomEventDelegate.h */ = {isa = PBXFileReference; fileEncoding = 4; lastKnownFileType = sourcecode.c.h; path = MPPrivateBannerCustomEventDelegate.h; sourceTree = "<group>"; };
		2797247D1784850400F1FC64 /* MPAdBrowserController.h */ = {isa = PBXFileReference; fileEncoding = 4; lastKnownFileType = sourcecode.c.h; path = MPAdBrowserController.h; sourceTree = "<group>"; };
		2797247E1784850400F1FC64 /* MPAdBrowserController.m */ = {isa = PBXFileReference; fileEncoding = 4; lastKnownFileType = sourcecode.c.objc; path = MPAdBrowserController.m; sourceTree = "<group>"; };
		2797247F1784850400F1FC64 /* MPAdBrowserController.xib */ = {isa = PBXFileReference; fileEncoding = 4; lastKnownFileType = file.xib; path = MPAdBrowserController.xib; sourceTree = "<group>"; };
		279724801784850400F1FC64 /* MPAdConfiguration.h */ = {isa = PBXFileReference; fileEncoding = 4; lastKnownFileType = sourcecode.c.h; path = MPAdConfiguration.h; sourceTree = "<group>"; };
		279724811784850400F1FC64 /* MPAdConfiguration.m */ = {isa = PBXFileReference; fileEncoding = 4; lastKnownFileType = sourcecode.c.objc; path = MPAdConfiguration.m; sourceTree = "<group>"; };
		279724821784850400F1FC64 /* MPAdDestinationDisplayAgent.h */ = {isa = PBXFileReference; fileEncoding = 4; lastKnownFileType = sourcecode.c.h; path = MPAdDestinationDisplayAgent.h; sourceTree = "<group>"; };
		279724831784850400F1FC64 /* MPAdDestinationDisplayAgent.m */ = {isa = PBXFileReference; fileEncoding = 4; lastKnownFileType = sourcecode.c.objc; path = MPAdDestinationDisplayAgent.m; sourceTree = "<group>"; };
		279724841784850400F1FC64 /* MPAdServerCommunicator.h */ = {isa = PBXFileReference; fileEncoding = 4; lastKnownFileType = sourcecode.c.h; path = MPAdServerCommunicator.h; sourceTree = "<group>"; };
		279724851784850400F1FC64 /* MPAdServerCommunicator.m */ = {isa = PBXFileReference; fileEncoding = 4; lastKnownFileType = sourcecode.c.objc; path = MPAdServerCommunicator.m; sourceTree = "<group>"; };
		279724861784850400F1FC64 /* MPAdServerURLBuilder.h */ = {isa = PBXFileReference; fileEncoding = 4; lastKnownFileType = sourcecode.c.h; path = MPAdServerURLBuilder.h; sourceTree = "<group>"; };
		279724871784850400F1FC64 /* MPAdServerURLBuilder.m */ = {isa = PBXFileReference; fileEncoding = 4; lastKnownFileType = sourcecode.c.objc; path = MPAdServerURLBuilder.m; sourceTree = "<group>"; };
		279724881784850400F1FC64 /* MPFacebookKeywordProvider.h */ = {isa = PBXFileReference; fileEncoding = 4; lastKnownFileType = sourcecode.c.h; path = MPFacebookKeywordProvider.h; sourceTree = "<group>"; };
		279724891784850400F1FC64 /* MPFacebookKeywordProvider.m */ = {isa = PBXFileReference; fileEncoding = 4; lastKnownFileType = sourcecode.c.objc; path = MPFacebookKeywordProvider.m; sourceTree = "<group>"; };
		2797248A1784850400F1FC64 /* MPKeywordProvider.h */ = {isa = PBXFileReference; fileEncoding = 4; lastKnownFileType = sourcecode.c.h; path = MPKeywordProvider.h; sourceTree = "<group>"; };
		2797248B1784850400F1FC64 /* MPProgressOverlayView.h */ = {isa = PBXFileReference; fileEncoding = 4; lastKnownFileType = sourcecode.c.h; path = MPProgressOverlayView.h; sourceTree = "<group>"; };
		2797248C1784850400F1FC64 /* MPProgressOverlayView.m */ = {isa = PBXFileReference; fileEncoding = 4; lastKnownFileType = sourcecode.c.objc; path = MPProgressOverlayView.m; sourceTree = "<group>"; };
		2797248D1784850400F1FC64 /* MPURLResolver.h */ = {isa = PBXFileReference; fileEncoding = 4; lastKnownFileType = sourcecode.c.h; path = MPURLResolver.h; sourceTree = "<group>"; };
		2797248E1784850400F1FC64 /* MPURLResolver.m */ = {isa = PBXFileReference; fileEncoding = 4; lastKnownFileType = sourcecode.c.objc; path = MPURLResolver.m; sourceTree = "<group>"; };
		279724901784850400F1FC64 /* MPAdWebView.h */ = {isa = PBXFileReference; fileEncoding = 4; lastKnownFileType = sourcecode.c.h; path = MPAdWebView.h; sourceTree = "<group>"; };
		279724911784850400F1FC64 /* MPAdWebView.m */ = {isa = PBXFileReference; fileEncoding = 4; lastKnownFileType = sourcecode.c.objc; path = MPAdWebView.m; sourceTree = "<group>"; };
		279724921784850400F1FC64 /* MPAdWebViewAgent.h */ = {isa = PBXFileReference; fileEncoding = 4; lastKnownFileType = sourcecode.c.h; path = MPAdWebViewAgent.h; sourceTree = "<group>"; };
		279724931784850400F1FC64 /* MPAdWebViewAgent.m */ = {isa = PBXFileReference; fileEncoding = 4; lastKnownFileType = sourcecode.c.objc; path = MPAdWebViewAgent.m; sourceTree = "<group>"; };
		279724941784850400F1FC64 /* MPHTMLBannerCustomEvent.h */ = {isa = PBXFileReference; fileEncoding = 4; lastKnownFileType = sourcecode.c.h; path = MPHTMLBannerCustomEvent.h; sourceTree = "<group>"; };
		279724951784850400F1FC64 /* MPHTMLBannerCustomEvent.m */ = {isa = PBXFileReference; fileEncoding = 4; lastKnownFileType = sourcecode.c.objc; path = MPHTMLBannerCustomEvent.m; sourceTree = "<group>"; };
		279724961784850400F1FC64 /* MPHTMLInterstitialCustomEvent.h */ = {isa = PBXFileReference; fileEncoding = 4; lastKnownFileType = sourcecode.c.h; path = MPHTMLInterstitialCustomEvent.h; sourceTree = "<group>"; };
		279724971784850400F1FC64 /* MPHTMLInterstitialCustomEvent.m */ = {isa = PBXFileReference; fileEncoding = 4; lastKnownFileType = sourcecode.c.objc; path = MPHTMLInterstitialCustomEvent.m; sourceTree = "<group>"; };
		279724981784850400F1FC64 /* MPHTMLInterstitialViewController.h */ = {isa = PBXFileReference; fileEncoding = 4; lastKnownFileType = sourcecode.c.h; path = MPHTMLInterstitialViewController.h; sourceTree = "<group>"; };
		279724991784850400F1FC64 /* MPHTMLInterstitialViewController.m */ = {isa = PBXFileReference; fileEncoding = 4; lastKnownFileType = sourcecode.c.objc; path = MPHTMLInterstitialViewController.m; sourceTree = "<group>"; };
		2797249B1784850400F1FC64 /* MPBaseInterstitialAdapter.h */ = {isa = PBXFileReference; fileEncoding = 4; lastKnownFileType = sourcecode.c.h; path = MPBaseInterstitialAdapter.h; sourceTree = "<group>"; };
		2797249C1784850400F1FC64 /* MPBaseInterstitialAdapter.m */ = {isa = PBXFileReference; fileEncoding = 4; lastKnownFileType = sourcecode.c.objc; path = MPBaseInterstitialAdapter.m; sourceTree = "<group>"; };
		2797249D1784850400F1FC64 /* MPInterstitialAdManager.h */ = {isa = PBXFileReference; fileEncoding = 4; lastKnownFileType = sourcecode.c.h; path = MPInterstitialAdManager.h; sourceTree = "<group>"; };
		2797249E1784850400F1FC64 /* MPInterstitialAdManager.m */ = {isa = PBXFileReference; fileEncoding = 4; lastKnownFileType = sourcecode.c.objc; path = MPInterstitialAdManager.m; sourceTree = "<group>"; };
		2797249F1784850400F1FC64 /* MPInterstitialAdManagerDelegate.h */ = {isa = PBXFileReference; fileEncoding = 4; lastKnownFileType = sourcecode.c.h; path = MPInterstitialAdManagerDelegate.h; sourceTree = "<group>"; };
		279724A01784850400F1FC64 /* MPInterstitialCustomEventAdapter.h */ = {isa = PBXFileReference; fileEncoding = 4; lastKnownFileType = sourcecode.c.h; path = MPInterstitialCustomEventAdapter.h; sourceTree = "<group>"; };
		279724A11784850400F1FC64 /* MPInterstitialCustomEventAdapter.m */ = {isa = PBXFileReference; fileEncoding = 4; lastKnownFileType = sourcecode.c.objc; path = MPInterstitialCustomEventAdapter.m; sourceTree = "<group>"; };
		279724A21784850400F1FC64 /* MPInterstitialViewController.h */ = {isa = PBXFileReference; fileEncoding = 4; lastKnownFileType = sourcecode.c.h; path = MPInterstitialViewController.h; sourceTree = "<group>"; };
		279724A31784850400F1FC64 /* MPInterstitialViewController.m */ = {isa = PBXFileReference; fileEncoding = 4; lastKnownFileType = sourcecode.c.objc; path = MPInterstitialViewController.m; sourceTree = "<group>"; };
		279724A41784850400F1FC64 /* MPLegacyInterstitialCustomEventAdapter.h */ = {isa = PBXFileReference; fileEncoding = 4; lastKnownFileType = sourcecode.c.h; path = MPLegacyInterstitialCustomEventAdapter.h; sourceTree = "<group>"; };
		279724A51784850400F1FC64 /* MPLegacyInterstitialCustomEventAdapter.m */ = {isa = PBXFileReference; fileEncoding = 4; lastKnownFileType = sourcecode.c.objc; path = MPLegacyInterstitialCustomEventAdapter.m; sourceTree = "<group>"; };
		279724A61784850400F1FC64 /* MPPrivateInterstitialCustomEventDelegate.h */ = {isa = PBXFileReference; fileEncoding = 4; lastKnownFileType = sourcecode.c.h; path = MPPrivateInterstitialCustomEventDelegate.h; sourceTree = "<group>"; };
		279724A71784850400F1FC64 /* MPInstanceProvider.h */ = {isa = PBXFileReference; fileEncoding = 4; lastKnownFileType = sourcecode.c.h; path = MPInstanceProvider.h; sourceTree = "<group>"; };
		279724A81784850400F1FC64 /* MPInstanceProvider.m */ = {isa = PBXFileReference; fileEncoding = 4; lastKnownFileType = sourcecode.c.objc; path = MPInstanceProvider.m; sourceTree = "<group>"; };
		279724AA1784850400F1FC64 /* LICENSE */ = {isa = PBXFileReference; fileEncoding = 4; lastKnownFileType = text; path = LICENSE; sourceTree = "<group>"; };
		279724AB1784850400F1FC64 /* MPMRAIDBannerCustomEvent.h */ = {isa = PBXFileReference; fileEncoding = 4; lastKnownFileType = sourcecode.c.h; path = MPMRAIDBannerCustomEvent.h; sourceTree = "<group>"; };
		279724AC1784850400F1FC64 /* MPMRAIDBannerCustomEvent.m */ = {isa = PBXFileReference; fileEncoding = 4; lastKnownFileType = sourcecode.c.objc; path = MPMRAIDBannerCustomEvent.m; sourceTree = "<group>"; };
		279724AD1784850400F1FC64 /* MPMRAIDInterstitialCustomEvent.h */ = {isa = PBXFileReference; fileEncoding = 4; lastKnownFileType = sourcecode.c.h; path = MPMRAIDInterstitialCustomEvent.h; sourceTree = "<group>"; };
		279724AE1784850400F1FC64 /* MPMRAIDInterstitialCustomEvent.m */ = {isa = PBXFileReference; fileEncoding = 4; lastKnownFileType = sourcecode.c.objc; path = MPMRAIDInterstitialCustomEvent.m; sourceTree = "<group>"; };
		279724AF1784850400F1FC64 /* MPMRAIDInterstitialViewController.h */ = {isa = PBXFileReference; fileEncoding = 4; lastKnownFileType = sourcecode.c.h; path = MPMRAIDInterstitialViewController.h; sourceTree = "<group>"; };
		279724B01784850400F1FC64 /* MPMRAIDInterstitialViewController.m */ = {isa = PBXFileReference; fileEncoding = 4; lastKnownFileType = sourcecode.c.objc; path = MPMRAIDInterstitialViewController.m; sourceTree = "<group>"; };
		279724B11784850400F1FC64 /* MRAdView+Controllers.h */ = {isa = PBXFileReference; fileEncoding = 4; lastKnownFileType = sourcecode.c.h; path = "MRAdView+Controllers.h"; sourceTree = "<group>"; };
		279724B21784850400F1FC64 /* MRAdView.h */ = {isa = PBXFileReference; fileEncoding = 4; lastKnownFileType = sourcecode.c.h; path = MRAdView.h; sourceTree = "<group>"; };
		279724B31784850400F1FC64 /* MRAdView.m */ = {isa = PBXFileReference; fileEncoding = 4; lastKnownFileType = sourcecode.c.objc; path = MRAdView.m; sourceTree = "<group>"; };
		279724B41784850400F1FC64 /* MRAdViewDisplayController.h */ = {isa = PBXFileReference; fileEncoding = 4; lastKnownFileType = sourcecode.c.h; path = MRAdViewDisplayController.h; sourceTree = "<group>"; };
		279724B51784850400F1FC64 /* MRAdViewDisplayController.m */ = {isa = PBXFileReference; fileEncoding = 4; lastKnownFileType = sourcecode.c.objc; path = MRAdViewDisplayController.m; sourceTree = "<group>"; };
		279724B61784850400F1FC64 /* MRCommand.h */ = {isa = PBXFileReference; fileEncoding = 4; lastKnownFileType = sourcecode.c.h; path = MRCommand.h; sourceTree = "<group>"; };
		279724B71784850400F1FC64 /* MRCommand.m */ = {isa = PBXFileReference; fileEncoding = 4; lastKnownFileType = sourcecode.c.objc; path = MRCommand.m; sourceTree = "<group>"; };
		279724B81784850400F1FC64 /* MRDimmingView.h */ = {isa = PBXFileReference; fileEncoding = 4; lastKnownFileType = sourcecode.c.h; path = MRDimmingView.h; sourceTree = "<group>"; };
		279724B91784850400F1FC64 /* MRDimmingView.m */ = {isa = PBXFileReference; fileEncoding = 4; lastKnownFileType = sourcecode.c.objc; path = MRDimmingView.m; sourceTree = "<group>"; };
		279724BA1784850400F1FC64 /* MRProperty.h */ = {isa = PBXFileReference; fileEncoding = 4; lastKnownFileType = sourcecode.c.h; path = MRProperty.h; sourceTree = "<group>"; };
		279724BB1784850400F1FC64 /* MRProperty.m */ = {isa = PBXFileReference; fileEncoding = 4; lastKnownFileType = sourcecode.c.objc; path = MRProperty.m; sourceTree = "<group>"; };
		279724BE1784850400F1FC64 /* NSURL+MPAdditions.h */ = {isa = PBXFileReference; fileEncoding = 4; lastKnownFileType = sourcecode.c.h; path = "NSURL+MPAdditions.h"; sourceTree = "<group>"; };
		279724BF1784850400F1FC64 /* NSURL+MPAdditions.m */ = {isa = PBXFileReference; fileEncoding = 4; lastKnownFileType = sourcecode.c.objc; path = "NSURL+MPAdditions.m"; sourceTree = "<group>"; };
		279724C01784850400F1FC64 /* UIViewController+MPAdditions.h */ = {isa = PBXFileReference; fileEncoding = 4; lastKnownFileType = sourcecode.c.h; path = "UIViewController+MPAdditions.h"; sourceTree = "<group>"; };
		279724C11784850400F1FC64 /* UIViewController+MPAdditions.m */ = {isa = PBXFileReference; fileEncoding = 4; lastKnownFileType = sourcecode.c.objc; path = "UIViewController+MPAdditions.m"; sourceTree = "<group>"; };
		279724C21784850400F1FC64 /* UIWebView+MPAdditions.h */ = {isa = PBXFileReference; fileEncoding = 4; lastKnownFileType = sourcecode.c.h; path = "UIWebView+MPAdditions.h"; sourceTree = "<group>"; };
		279724C31784850400F1FC64 /* UIWebView+MPAdditions.m */ = {isa = PBXFileReference; fileEncoding = 4; lastKnownFileType = sourcecode.c.objc; path = "UIWebView+MPAdditions.m"; sourceTree = "<group>"; };
		279724C41784850400F1FC64 /* MPAnalyticsTracker.h */ = {isa = PBXFileReference; fileEncoding = 4; lastKnownFileType = sourcecode.c.h; path = MPAnalyticsTracker.h; sourceTree = "<group>"; };
		279724C51784850400F1FC64 /* MPAnalyticsTracker.m */ = {isa = PBXFileReference; fileEncoding = 4; lastKnownFileType = sourcecode.c.objc; path = MPAnalyticsTracker.m; sourceTree = "<group>"; };
		279724C61784850400F1FC64 /* MPError.h */ = {isa = PBXFileReference; fileEncoding = 4; lastKnownFileType = sourcecode.c.h; path = MPError.h; sourceTree = "<group>"; };
		279724C71784850400F1FC64 /* MPError.m */ = {isa = PBXFileReference; fileEncoding = 4; lastKnownFileType = sourcecode.c.objc; path = MPError.m; sourceTree = "<group>"; };
		279724C81784850400F1FC64 /* MPGlobal.h */ = {isa = PBXFileReference; fileEncoding = 4; lastKnownFileType = sourcecode.c.h; path = MPGlobal.h; sourceTree = "<group>"; };
		279724C91784850400F1FC64 /* MPGlobal.m */ = {isa = PBXFileReference; fileEncoding = 4; lastKnownFileType = sourcecode.c.objc; path = MPGlobal.m; sourceTree = "<group>"; };
		279724CA1784850400F1FC64 /* MPIdentityProvider.h */ = {isa = PBXFileReference; fileEncoding = 4; lastKnownFileType = sourcecode.c.h; path = MPIdentityProvider.h; sourceTree = "<group>"; };
		279724CB1784850400F1FC64 /* MPIdentityProvider.m */ = {isa = PBXFileReference; fileEncoding = 4; lastKnownFileType = sourcecode.c.objc; path = MPIdentityProvider.m; sourceTree = "<group>"; };
		279724CC1784850400F1FC64 /* MPLogging.h */ = {isa = PBXFileReference; fileEncoding = 4; lastKnownFileType = sourcecode.c.h; path = MPLogging.h; sourceTree = "<group>"; };
		279724CD1784850400F1FC64 /* MPLogging.m */ = {isa = PBXFileReference; fileEncoding = 4; lastKnownFileType = sourcecode.c.objc; path = MPLogging.m; sourceTree = "<group>"; };
		279724CE1784850400F1FC64 /* MPReachability.h */ = {isa = PBXFileReference; fileEncoding = 4; lastKnownFileType = sourcecode.c.h; path = MPReachability.h; sourceTree = "<group>"; };
		279724CF1784850400F1FC64 /* MPReachability.m */ = {isa = PBXFileReference; fileEncoding = 4; lastKnownFileType = sourcecode.c.objc; path = MPReachability.m; sourceTree = "<group>"; };
		279724D01784850400F1FC64 /* MPSessionTracker.h */ = {isa = PBXFileReference; fileEncoding = 4; lastKnownFileType = sourcecode.c.h; path = MPSessionTracker.h; sourceTree = "<group>"; };
		279724D11784850400F1FC64 /* MPSessionTracker.m */ = {isa = PBXFileReference; fileEncoding = 4; lastKnownFileType = sourcecode.c.objc; path = MPSessionTracker.m; sourceTree = "<group>"; };
		279724D21784850400F1FC64 /* MPStoreKitProvider.h */ = {isa = PBXFileReference; fileEncoding = 4; lastKnownFileType = sourcecode.c.h; path = MPStoreKitProvider.h; sourceTree = "<group>"; };
		279724D31784850400F1FC64 /* MPStoreKitProvider.m */ = {isa = PBXFileReference; fileEncoding = 4; lastKnownFileType = sourcecode.c.objc; path = MPStoreKitProvider.m; sourceTree = "<group>"; };
		279724D41784850400F1FC64 /* MPTimer.h */ = {isa = PBXFileReference; fileEncoding = 4; lastKnownFileType = sourcecode.c.h; path = MPTimer.h; sourceTree = "<group>"; };
		279724D51784850400F1FC64 /* MPTimer.m */ = {isa = PBXFileReference; fileEncoding = 4; lastKnownFileType = sourcecode.c.objc; path = MPTimer.m; sourceTree = "<group>"; };
		279724D61784850400F1FC64 /* MPAdConversionTracker.h */ = {isa = PBXFileReference; fileEncoding = 4; lastKnownFileType = sourcecode.c.h; path = MPAdConversionTracker.h; sourceTree = "<group>"; };
		279724D71784850400F1FC64 /* MPAdConversionTracker.m */ = {isa = PBXFileReference; fileEncoding = 4; lastKnownFileType = sourcecode.c.objc; path = MPAdConversionTracker.m; sourceTree = "<group>"; };
		279724D81784850400F1FC64 /* MPAdView.h */ = {isa = PBXFileReference; fileEncoding = 4; lastKnownFileType = sourcecode.c.h; path = MPAdView.h; sourceTree = "<group>"; };
		279724D91784850400F1FC64 /* MPAdView.m */ = {isa = PBXFileReference; fileEncoding = 4; lastKnownFileType = sourcecode.c.objc; path = MPAdView.m; sourceTree = "<group>"; };
		279724DA1784850400F1FC64 /* MPBannerCustomEvent.h */ = {isa = PBXFileReference; fileEncoding = 4; lastKnownFileType = sourcecode.c.h; path = MPBannerCustomEvent.h; sourceTree = "<group>"; };
		279724DB1784850400F1FC64 /* MPBannerCustomEvent.m */ = {isa = PBXFileReference; fileEncoding = 4; lastKnownFileType = sourcecode.c.objc; path = MPBannerCustomEvent.m; sourceTree = "<group>"; };
		279724DC1784850400F1FC64 /* MPBannerCustomEventDelegate.h */ = {isa = PBXFileReference; fileEncoding = 4; lastKnownFileType = sourcecode.c.h; path = MPBannerCustomEventDelegate.h; sourceTree = "<group>"; };
		279724DD1784850400F1FC64 /* MPConstants.h */ = {isa = PBXFileReference; fileEncoding = 4; lastKnownFileType = sourcecode.c.h; path = MPConstants.h; sourceTree = "<group>"; };
		279724DE1784850400F1FC64 /* MPInterstitialAdController.h */ = {isa = PBXFileReference; fileEncoding = 4; lastKnownFileType = sourcecode.c.h; path = MPInterstitialAdController.h; sourceTree = "<group>"; };
		279724DF1784850400F1FC64 /* MPInterstitialAdController.m */ = {isa = PBXFileReference; fileEncoding = 4; lastKnownFileType = sourcecode.c.objc; path = MPInterstitialAdController.m; sourceTree = "<group>"; };
		279724E01784850400F1FC64 /* MPInterstitialCustomEvent.h */ = {isa = PBXFileReference; fileEncoding = 4; lastKnownFileType = sourcecode.c.h; path = MPInterstitialCustomEvent.h; sourceTree = "<group>"; };
		279724E11784850400F1FC64 /* MPInterstitialCustomEvent.m */ = {isa = PBXFileReference; fileEncoding = 4; lastKnownFileType = sourcecode.c.objc; path = MPInterstitialCustomEvent.m; sourceTree = "<group>"; };
		279724E21784850400F1FC64 /* MPInterstitialCustomEventDelegate.h */ = {isa = PBXFileReference; fileEncoding = 4; lastKnownFileType = sourcecode.c.h; path = MPInterstitialCustomEventDelegate.h; sourceTree = "<group>"; };
		279724E41784850400F1FC64 /* MPCloseButtonX.png */ = {isa = PBXFileReference; lastKnownFileType = image.png; path = MPCloseButtonX.png; sourceTree = "<group>"; };
		279724E51784850400F1FC64 /* MPCloseButtonX@2x.png */ = {isa = PBXFileReference; lastKnownFileType = image.png; path = "MPCloseButtonX@2x.png"; sourceTree = "<group>"; };
		279724E61784850400F1FC64 /* MRAID.bundle */ = {isa = PBXFileReference; lastKnownFileType = "wrapper.plug-in"; path = MRAID.bundle; sourceTree = "<group>"; };
		279725541784855500F1FC64 /* CDataScanner.h */ = {isa = PBXFileReference; fileEncoding = 4; lastKnownFileType = sourcecode.c.h; path = CDataScanner.h; sourceTree = "<group>"; };
		279725551784855500F1FC64 /* CDataScanner.m */ = {isa = PBXFileReference; fileEncoding = 4; lastKnownFileType = sourcecode.c.objc; path = CDataScanner.m; sourceTree = "<group>"; };
		279725571784855500F1FC64 /* CFilteringJSONSerializer.h */ = {isa = PBXFileReference; fileEncoding = 4; lastKnownFileType = sourcecode.c.h; path = CFilteringJSONSerializer.h; sourceTree = "<group>"; };
		279725581784855500F1FC64 /* CFilteringJSONSerializer.m */ = {isa = PBXFileReference; fileEncoding = 4; lastKnownFileType = sourcecode.c.objc; path = CFilteringJSONSerializer.m; sourceTree = "<group>"; };
		279725591784855500F1FC64 /* CJSONDeserializer_BlocksExtensions.h */ = {isa = PBXFileReference; fileEncoding = 4; lastKnownFileType = sourcecode.c.h; path = CJSONDeserializer_BlocksExtensions.h; sourceTree = "<group>"; };
		2797255A1784855500F1FC64 /* CJSONDeserializer_BlocksExtensions.m */ = {isa = PBXFileReference; fileEncoding = 4; lastKnownFileType = sourcecode.c.objc; path = CJSONDeserializer_BlocksExtensions.m; sourceTree = "<group>"; };
		2797255B1784855500F1FC64 /* CJSONSerialization.h */ = {isa = PBXFileReference; fileEncoding = 4; lastKnownFileType = sourcecode.c.h; path = CJSONSerialization.h; sourceTree = "<group>"; };
		2797255C1784855500F1FC64 /* CJSONSerialization.m */ = {isa = PBXFileReference; fileEncoding = 4; lastKnownFileType = sourcecode.c.objc; path = CJSONSerialization.m; sourceTree = "<group>"; };
		2797255D1784855500F1FC64 /* CJSONSerializedData.h */ = {isa = PBXFileReference; fileEncoding = 4; lastKnownFileType = sourcecode.c.h; path = CJSONSerializedData.h; sourceTree = "<group>"; };
		2797255E1784855500F1FC64 /* CJSONSerializedData.m */ = {isa = PBXFileReference; fileEncoding = 4; lastKnownFileType = sourcecode.c.objc; path = CJSONSerializedData.m; sourceTree = "<group>"; };
		279725601784855500F1FC64 /* CDataScanner_Extensions.h */ = {isa = PBXFileReference; fileEncoding = 4; lastKnownFileType = sourcecode.c.h; path = CDataScanner_Extensions.h; sourceTree = "<group>"; };
		279725611784855500F1FC64 /* CDataScanner_Extensions.m */ = {isa = PBXFileReference; fileEncoding = 4; lastKnownFileType = sourcecode.c.objc; path = CDataScanner_Extensions.m; sourceTree = "<group>"; };
		279725621784855500F1FC64 /* NSDictionary_JSONExtensions.h */ = {isa = PBXFileReference; fileEncoding = 4; lastKnownFileType = sourcecode.c.h; path = NSDictionary_JSONExtensions.h; sourceTree = "<group>"; };
		279725631784855500F1FC64 /* NSDictionary_JSONExtensions.m */ = {isa = PBXFileReference; fileEncoding = 4; lastKnownFileType = sourcecode.c.objc; path = NSDictionary_JSONExtensions.m; sourceTree = "<group>"; };
		279725651784855500F1FC64 /* CJSONDeserializer.h */ = {isa = PBXFileReference; fileEncoding = 4; lastKnownFileType = sourcecode.c.h; path = CJSONDeserializer.h; sourceTree = "<group>"; };
		279725661784855500F1FC64 /* CJSONDeserializer.m */ = {isa = PBXFileReference; fileEncoding = 4; lastKnownFileType = sourcecode.c.objc; path = CJSONDeserializer.m; sourceTree = "<group>"; };
		279725671784855500F1FC64 /* CJSONScanner.h */ = {isa = PBXFileReference; fileEncoding = 4; lastKnownFileType = sourcecode.c.h; path = CJSONScanner.h; sourceTree = "<group>"; };
		279725681784855500F1FC64 /* CJSONScanner.m */ = {isa = PBXFileReference; fileEncoding = 4; lastKnownFileType = sourcecode.c.objc; path = CJSONScanner.m; sourceTree = "<group>"; };
		279725691784855500F1FC64 /* CJSONSerializer.h */ = {isa = PBXFileReference; fileEncoding = 4; lastKnownFileType = sourcecode.c.h; path = CJSONSerializer.h; sourceTree = "<group>"; };
		2797256A1784855500F1FC64 /* CJSONSerializer.m */ = {isa = PBXFileReference; fileEncoding = 4; lastKnownFileType = sourcecode.c.objc; path = CJSONSerializer.m; sourceTree = "<group>"; };
		2797256B1784855500F1FC64 /* JSONRepresentation.h */ = {isa = PBXFileReference; fileEncoding = 4; lastKnownFileType = sourcecode.c.h; path = JSONRepresentation.h; sourceTree = "<group>"; };
		2797256C1784855500F1FC64 /* LICENSE.txt */ = {isa = PBXFileReference; fileEncoding = 4; lastKnownFileType = text; path = LICENSE.txt; sourceTree = "<group>"; };
		2797256D1784855500F1FC64 /* README.markdown */ = {isa = PBXFileReference; fileEncoding = 4; lastKnownFileType = text; path = README.markdown; sourceTree = "<group>"; };
		2797257C17848DED00F1FC64 /* SystemConfiguration.framework */ = {isa = PBXFileReference; lastKnownFileType = wrapper.framework; name = SystemConfiguration.framework; path = System/Library/Frameworks/SystemConfiguration.framework; sourceTree = SDKROOT; };
		2797257E17848E1100F1FC64 /* CoreTelephony.framework */ = {isa = PBXFileReference; lastKnownFileType = wrapper.framework; name = CoreTelephony.framework; path = System/Library/Frameworks/CoreTelephony.framework; sourceTree = SDKROOT; };
		27DEEA3817048CEB006FCEF8 /* NoVideo.app */ = {isa = PBXFileReference; explicitFileType = wrapper.application; includeInIndex = 0; path = NoVideo.app; sourceTree = BUILT_PRODUCTS_DIR; };
		27DEEA3B17048CEB006FCEF8 /* UIKit.framework */ = {isa = PBXFileReference; lastKnownFileType = wrapper.framework; name = UIKit.framework; path = System/Library/Frameworks/UIKit.framework; sourceTree = SDKROOT; };
		27DEEA3D17048CEB006FCEF8 /* Foundation.framework */ = {isa = PBXFileReference; lastKnownFileType = wrapper.framework; name = Foundation.framework; path = System/Library/Frameworks/Foundation.framework; sourceTree = SDKROOT; };
		27DEEA3F17048CEB006FCEF8 /* CoreGraphics.framework */ = {isa = PBXFileReference; lastKnownFileType = wrapper.framework; name = CoreGraphics.framework; path = System/Library/Frameworks/CoreGraphics.framework; sourceTree = SDKROOT; };
		27DEEA4317048CEB006FCEF8 /* NoVideo-Info.plist */ = {isa = PBXFileReference; lastKnownFileType = text.plist.xml; path = "NoVideo-Info.plist"; sourceTree = "<group>"; };
		27DEEA4517048CEB006FCEF8 /* en */ = {isa = PBXFileReference; lastKnownFileType = text.plist.strings; name = en; path = en.lproj/InfoPlist.strings; sourceTree = "<group>"; };
		27DEEA4717048CEB006FCEF8 /* main.m */ = {isa = PBXFileReference; lastKnownFileType = sourcecode.c.objc; path = main.m; sourceTree = "<group>"; };
		27DEEA4917048CEB006FCEF8 /* NoVideo-Prefix.pch */ = {isa = PBXFileReference; lastKnownFileType = sourcecode.c.h; path = "NoVideo-Prefix.pch"; sourceTree = "<group>"; };
		27DEEA4A17048CEB006FCEF8 /* TSAppDelegate.h */ = {isa = PBXFileReference; lastKnownFileType = sourcecode.c.h; path = TSAppDelegate.h; sourceTree = "<group>"; };
		27DEEA4B17048CEB006FCEF8 /* TSAppDelegate.m */ = {isa = PBXFileReference; lastKnownFileType = sourcecode.c.objc; path = TSAppDelegate.m; sourceTree = "<group>"; };
		27DEEA4D17048CEB006FCEF8 /* Default.png */ = {isa = PBXFileReference; lastKnownFileType = image.png; path = Default.png; sourceTree = "<group>"; };
		27DEEA4F17048CEB006FCEF8 /* Default@2x.png */ = {isa = PBXFileReference; lastKnownFileType = image.png; path = "Default@2x.png"; sourceTree = "<group>"; };
		27DEEA5117048CEB006FCEF8 /* Default-568h@2x.png */ = {isa = PBXFileReference; lastKnownFileType = image.png; path = "Default-568h@2x.png"; sourceTree = "<group>"; };
		27DEEA5417048CEB006FCEF8 /* en */ = {isa = PBXFileReference; lastKnownFileType = file.storyboard; name = en; path = en.lproj/MainStoryboard.storyboard; sourceTree = "<group>"; };
		27DEEA5617048CEB006FCEF8 /* TSViewController.h */ = {isa = PBXFileReference; lastKnownFileType = sourcecode.c.h; path = TSViewController.h; sourceTree = "<group>"; };
		27DEEA5717048CEB006FCEF8 /* TSViewController.m */ = {isa = PBXFileReference; lastKnownFileType = sourcecode.c.objc; path = TSViewController.m; sourceTree = "<group>"; };
		27DEEB1C17048F2B006FCEF8 /* StoreKit.framework */ = {isa = PBXFileReference; lastKnownFileType = wrapper.framework; name = StoreKit.framework; path = System/Library/Frameworks/StoreKit.framework; sourceTree = SDKROOT; };
		27DEEB1E17048F3B006FCEF8 /* AdSupport.framework */ = {isa = PBXFileReference; lastKnownFileType = wrapper.framework; name = AdSupport.framework; path = System/Library/Frameworks/AdSupport.framework; sourceTree = SDKROOT; };
/* End PBXFileReference section */

/* Begin PBXFrameworksBuildPhase section */
		27DEEA3517048CEB006FCEF8 /* Frameworks */ = {
			isa = PBXFrameworksBuildPhase;
			buildActionMask = 2147483647;
			files = (
				2797257F17848E1100F1FC64 /* CoreTelephony.framework in Frameworks */,
				2797257D17848DED00F1FC64 /* SystemConfiguration.framework in Frameworks */,
				27DEEA3C17048CEB006FCEF8 /* UIKit.framework in Frameworks */,
				27DEEA3E17048CEB006FCEF8 /* Foundation.framework in Frameworks */,
				27DEEA4017048CEB006FCEF8 /* CoreGraphics.framework in Frameworks */,
				27DEEB1D17048F2B006FCEF8 /* StoreKit.framework in Frameworks */,
				27DEEB1F17048F3B006FCEF8 /* AdSupport.framework in Frameworks */,
			);
			runOnlyForDeploymentPostprocessing = 0;
		};
/* End PBXFrameworksBuildPhase section */

/* Begin PBXGroup section */
		2797246F1784850400F1FC64 /* MoPubSDK */ = {
			isa = PBXGroup;
			children = (
				279724701784850400F1FC64 /* Internal */,
				279724D61784850400F1FC64 /* MPAdConversionTracker.h */,
				279724D71784850400F1FC64 /* MPAdConversionTracker.m */,
				279724D81784850400F1FC64 /* MPAdView.h */,
				279724D91784850400F1FC64 /* MPAdView.m */,
				279724DA1784850400F1FC64 /* MPBannerCustomEvent.h */,
				279724DB1784850400F1FC64 /* MPBannerCustomEvent.m */,
				279724DC1784850400F1FC64 /* MPBannerCustomEventDelegate.h */,
				279724DD1784850400F1FC64 /* MPConstants.h */,
				279724DE1784850400F1FC64 /* MPInterstitialAdController.h */,
				279724DF1784850400F1FC64 /* MPInterstitialAdController.m */,
				279724E01784850400F1FC64 /* MPInterstitialCustomEvent.h */,
				279724E11784850400F1FC64 /* MPInterstitialCustomEvent.m */,
				279724E21784850400F1FC64 /* MPInterstitialCustomEventDelegate.h */,
				279724E31784850400F1FC64 /* Resources */,
			);
			name = MoPubSDK;
			path = "mopub-ios-sdk/MoPubSDK";
			sourceTree = SOURCE_ROOT;
		};
		279724701784850400F1FC64 /* Internal */ = {
			isa = PBXGroup;
			children = (
				279724711784850400F1FC64 /* Banners */,
				2797247C1784850400F1FC64 /* Common */,
				2797248F1784850400F1FC64 /* HTML */,
				2797249A1784850400F1FC64 /* Interstitials */,
				279724A71784850400F1FC64 /* MPInstanceProvider.h */,
				279724A81784850400F1FC64 /* MPInstanceProvider.m */,
				279724A91784850400F1FC64 /* MRAID */,
				279724BC1784850400F1FC64 /* Utility */,
			);
			path = Internal;
			sourceTree = "<group>";
		};
		279724711784850400F1FC64 /* Banners */ = {
			isa = PBXGroup;
			children = (
				279724721784850400F1FC64 /* MPBannerAdManager.h */,
				279724731784850400F1FC64 /* MPBannerAdManager.m */,
				279724741784850400F1FC64 /* MPBannerAdManagerDelegate.h */,
				279724751784850400F1FC64 /* MPBannerCustomEventAdapter.h */,
				279724761784850400F1FC64 /* MPBannerCustomEventAdapter.m */,
				279724771784850400F1FC64 /* MPBaseBannerAdapter.h */,
				279724781784850400F1FC64 /* MPBaseBannerAdapter.m */,
				279724791784850400F1FC64 /* MPLegacyBannerCustomEventAdapter.h */,
				2797247A1784850400F1FC64 /* MPLegacyBannerCustomEventAdapter.m */,
				2797247B1784850400F1FC64 /* MPPrivateBannerCustomEventDelegate.h */,
			);
			path = Banners;
			sourceTree = "<group>";
		};
		2797247C1784850400F1FC64 /* Common */ = {
			isa = PBXGroup;
			children = (
				2797247D1784850400F1FC64 /* MPAdBrowserController.h */,
				2797247E1784850400F1FC64 /* MPAdBrowserController.m */,
				2797247F1784850400F1FC64 /* MPAdBrowserController.xib */,
				279724801784850400F1FC64 /* MPAdConfiguration.h */,
				279724811784850400F1FC64 /* MPAdConfiguration.m */,
				279724821784850400F1FC64 /* MPAdDestinationDisplayAgent.h */,
				279724831784850400F1FC64 /* MPAdDestinationDisplayAgent.m */,
				279724841784850400F1FC64 /* MPAdServerCommunicator.h */,
				279724851784850400F1FC64 /* MPAdServerCommunicator.m */,
				279724861784850400F1FC64 /* MPAdServerURLBuilder.h */,
				279724871784850400F1FC64 /* MPAdServerURLBuilder.m */,
				279724881784850400F1FC64 /* MPFacebookKeywordProvider.h */,
				279724891784850400F1FC64 /* MPFacebookKeywordProvider.m */,
				2797248A1784850400F1FC64 /* MPKeywordProvider.h */,
				2797248B1784850400F1FC64 /* MPProgressOverlayView.h */,
				2797248C1784850400F1FC64 /* MPProgressOverlayView.m */,
				2797248D1784850400F1FC64 /* MPURLResolver.h */,
				2797248E1784850400F1FC64 /* MPURLResolver.m */,
			);
			path = Common;
			sourceTree = "<group>";
		};
		2797248F1784850400F1FC64 /* HTML */ = {
			isa = PBXGroup;
			children = (
				279724901784850400F1FC64 /* MPAdWebView.h */,
				279724911784850400F1FC64 /* MPAdWebView.m */,
				279724921784850400F1FC64 /* MPAdWebViewAgent.h */,
				279724931784850400F1FC64 /* MPAdWebViewAgent.m */,
				279724941784850400F1FC64 /* MPHTMLBannerCustomEvent.h */,
				279724951784850400F1FC64 /* MPHTMLBannerCustomEvent.m */,
				279724961784850400F1FC64 /* MPHTMLInterstitialCustomEvent.h */,
				279724971784850400F1FC64 /* MPHTMLInterstitialCustomEvent.m */,
				279724981784850400F1FC64 /* MPHTMLInterstitialViewController.h */,
				279724991784850400F1FC64 /* MPHTMLInterstitialViewController.m */,
			);
			path = HTML;
			sourceTree = "<group>";
		};
		2797249A1784850400F1FC64 /* Interstitials */ = {
			isa = PBXGroup;
			children = (
				2797249B1784850400F1FC64 /* MPBaseInterstitialAdapter.h */,
				2797249C1784850400F1FC64 /* MPBaseInterstitialAdapter.m */,
				2797249D1784850400F1FC64 /* MPInterstitialAdManager.h */,
				2797249E1784850400F1FC64 /* MPInterstitialAdManager.m */,
				2797249F1784850400F1FC64 /* MPInterstitialAdManagerDelegate.h */,
				279724A01784850400F1FC64 /* MPInterstitialCustomEventAdapter.h */,
				279724A11784850400F1FC64 /* MPInterstitialCustomEventAdapter.m */,
				279724A21784850400F1FC64 /* MPInterstitialViewController.h */,
				279724A31784850400F1FC64 /* MPInterstitialViewController.m */,
				279724A41784850400F1FC64 /* MPLegacyInterstitialCustomEventAdapter.h */,
				279724A51784850400F1FC64 /* MPLegacyInterstitialCustomEventAdapter.m */,
				279724A61784850400F1FC64 /* MPPrivateInterstitialCustomEventDelegate.h */,
			);
			path = Interstitials;
			sourceTree = "<group>";
		};
		279724A91784850400F1FC64 /* MRAID */ = {
			isa = PBXGroup;
			children = (
				279724AA1784850400F1FC64 /* LICENSE */,
				279724AB1784850400F1FC64 /* MPMRAIDBannerCustomEvent.h */,
				279724AC1784850400F1FC64 /* MPMRAIDBannerCustomEvent.m */,
				279724AD1784850400F1FC64 /* MPMRAIDInterstitialCustomEvent.h */,
				279724AE1784850400F1FC64 /* MPMRAIDInterstitialCustomEvent.m */,
				279724AF1784850400F1FC64 /* MPMRAIDInterstitialViewController.h */,
				279724B01784850400F1FC64 /* MPMRAIDInterstitialViewController.m */,
				279724B11784850400F1FC64 /* MRAdView+Controllers.h */,
				279724B21784850400F1FC64 /* MRAdView.h */,
				279724B31784850400F1FC64 /* MRAdView.m */,
				279724B41784850400F1FC64 /* MRAdViewDisplayController.h */,
				279724B51784850400F1FC64 /* MRAdViewDisplayController.m */,
				279724B61784850400F1FC64 /* MRCommand.h */,
				279724B71784850400F1FC64 /* MRCommand.m */,
				279724B81784850400F1FC64 /* MRDimmingView.h */,
				279724B91784850400F1FC64 /* MRDimmingView.m */,
				279724BA1784850400F1FC64 /* MRProperty.h */,
				279724BB1784850400F1FC64 /* MRProperty.m */,
			);
			path = MRAID;
			sourceTree = "<group>";
		};
		279724BC1784850400F1FC64 /* Utility */ = {
			isa = PBXGroup;
			children = (
				279724BD1784850400F1FC64 /* Categories */,
				279724C41784850400F1FC64 /* MPAnalyticsTracker.h */,
				279724C51784850400F1FC64 /* MPAnalyticsTracker.m */,
				279724C61784850400F1FC64 /* MPError.h */,
				279724C71784850400F1FC64 /* MPError.m */,
				279724C81784850400F1FC64 /* MPGlobal.h */,
				279724C91784850400F1FC64 /* MPGlobal.m */,
				279724CA1784850400F1FC64 /* MPIdentityProvider.h */,
				279724CB1784850400F1FC64 /* MPIdentityProvider.m */,
				279724CC1784850400F1FC64 /* MPLogging.h */,
				279724CD1784850400F1FC64 /* MPLogging.m */,
				279724CE1784850400F1FC64 /* MPReachability.h */,
				279724CF1784850400F1FC64 /* MPReachability.m */,
				279724D01784850400F1FC64 /* MPSessionTracker.h */,
				279724D11784850400F1FC64 /* MPSessionTracker.m */,
				279724D21784850400F1FC64 /* MPStoreKitProvider.h */,
				279724D31784850400F1FC64 /* MPStoreKitProvider.m */,
				279724D41784850400F1FC64 /* MPTimer.h */,
				279724D51784850400F1FC64 /* MPTimer.m */,
			);
			path = Utility;
			sourceTree = "<group>";
		};
		279724BD1784850400F1FC64 /* Categories */ = {
			isa = PBXGroup;
			children = (
				279724BE1784850400F1FC64 /* NSURL+MPAdditions.h */,
				279724BF1784850400F1FC64 /* NSURL+MPAdditions.m */,
				279724C01784850400F1FC64 /* UIViewController+MPAdditions.h */,
				279724C11784850400F1FC64 /* UIViewController+MPAdditions.m */,
				279724C21784850400F1FC64 /* UIWebView+MPAdditions.h */,
				279724C31784850400F1FC64 /* UIWebView+MPAdditions.m */,
			);
			path = Categories;
			sourceTree = "<group>";
		};
		279724E31784850400F1FC64 /* Resources */ = {
			isa = PBXGroup;
			children = (
				279724E41784850400F1FC64 /* MPCloseButtonX.png */,
				279724E51784850400F1FC64 /* MPCloseButtonX@2x.png */,
				279724E61784850400F1FC64 /* MRAID.bundle */,
			);
			path = Resources;
			sourceTree = "<group>";
		};
		279725531784855500F1FC64 /* TouchJSON */ = {
			isa = PBXGroup;
			children = (
				279725541784855500F1FC64 /* CDataScanner.h */,
				279725551784855500F1FC64 /* CDataScanner.m */,
				279725561784855500F1FC64 /* Experimental */,
				2797255F1784855500F1FC64 /* Extensions */,
				279725641784855500F1FC64 /* JSON */,
				2797256C1784855500F1FC64 /* LICENSE.txt */,
				2797256D1784855500F1FC64 /* README.markdown */,
			);
			name = TouchJSON;
			path = "mopub-ios-sdk/Externals/TouchJSON";
			sourceTree = SOURCE_ROOT;
		};
		279725561784855500F1FC64 /* Experimental */ = {
			isa = PBXGroup;
			children = (
				279725571784855500F1FC64 /* CFilteringJSONSerializer.h */,
				279725581784855500F1FC64 /* CFilteringJSONSerializer.m */,
				279725591784855500F1FC64 /* CJSONDeserializer_BlocksExtensions.h */,
				2797255A1784855500F1FC64 /* CJSONDeserializer_BlocksExtensions.m */,
				2797255B1784855500F1FC64 /* CJSONSerialization.h */,
				2797255C1784855500F1FC64 /* CJSONSerialization.m */,
				2797255D1784855500F1FC64 /* CJSONSerializedData.h */,
				2797255E1784855500F1FC64 /* CJSONSerializedData.m */,
			);
			path = Experimental;
			sourceTree = "<group>";
		};
		2797255F1784855500F1FC64 /* Extensions */ = {
			isa = PBXGroup;
			children = (
				279725601784855500F1FC64 /* CDataScanner_Extensions.h */,
				279725611784855500F1FC64 /* CDataScanner_Extensions.m */,
				279725621784855500F1FC64 /* NSDictionary_JSONExtensions.h */,
				279725631784855500F1FC64 /* NSDictionary_JSONExtensions.m */,
			);
			path = Extensions;
			sourceTree = "<group>";
		};
		279725641784855500F1FC64 /* JSON */ = {
			isa = PBXGroup;
			children = (
				279725651784855500F1FC64 /* CJSONDeserializer.h */,
				279725661784855500F1FC64 /* CJSONDeserializer.m */,
				279725671784855500F1FC64 /* CJSONScanner.h */,
				279725681784855500F1FC64 /* CJSONScanner.m */,
				279725691784855500F1FC64 /* CJSONSerializer.h */,
				2797256A1784855500F1FC64 /* CJSONSerializer.m */,
				2797256B1784855500F1FC64 /* JSONRepresentation.h */,
			);
			path = JSON;
			sourceTree = "<group>";
		};
		27DEEA2F17048CEB006FCEF8 = {
			isa = PBXGroup;
			children = (
				27DEEA4117048CEB006FCEF8 /* NoVideo */,
				27DEEA3A17048CEB006FCEF8 /* Frameworks */,
				27DEEA3917048CEB006FCEF8 /* Products */,
			);
			sourceTree = "<group>";
		};
		27DEEA3917048CEB006FCEF8 /* Products */ = {
			isa = PBXGroup;
			children = (
				27DEEA3817048CEB006FCEF8 /* NoVideo.app */,
			);
			name = Products;
			sourceTree = "<group>";
		};
		27DEEA3A17048CEB006FCEF8 /* Frameworks */ = {
			isa = PBXGroup;
			children = (
				2797257E17848E1100F1FC64 /* CoreTelephony.framework */,
				27DEEA3B17048CEB006FCEF8 /* UIKit.framework */,
				27DEEA3D17048CEB006FCEF8 /* Foundation.framework */,
				27DEEA3F17048CEB006FCEF8 /* CoreGraphics.framework */,
				27DEEB1E17048F3B006FCEF8 /* AdSupport.framework */,
				27DEEB1C17048F2B006FCEF8 /* StoreKit.framework */,
				2797257C17848DED00F1FC64 /* SystemConfiguration.framework */,
			);
			name = Frameworks;
			sourceTree = "<group>";
		};
		27DEEA4117048CEB006FCEF8 /* NoVideo */ = {
			isa = PBXGroup;
			children = (
				27DEEA4A17048CEB006FCEF8 /* TSAppDelegate.h */,
				27DEEA4B17048CEB006FCEF8 /* TSAppDelegate.m */,
				27DEEA5317048CEB006FCEF8 /* MainStoryboard.storyboard */,
				27DEEA5617048CEB006FCEF8 /* TSViewController.h */,
				27DEEA5717048CEB006FCEF8 /* TSViewController.m */,
				27DEEA4217048CEB006FCEF8 /* Supporting Files */,
				2797246F1784850400F1FC64 /* MoPubSDK */,
				279725531784855500F1FC64 /* TouchJSON */,
			);
			path = NoVideo;
			sourceTree = "<group>";
		};
		27DEEA4217048CEB006FCEF8 /* Supporting Files */ = {
			isa = PBXGroup;
			children = (
				27DEEA4317048CEB006FCEF8 /* NoVideo-Info.plist */,
				27DEEA4417048CEB006FCEF8 /* InfoPlist.strings */,
				27DEEA4717048CEB006FCEF8 /* main.m */,
				27DEEA4917048CEB006FCEF8 /* NoVideo-Prefix.pch */,
				27DEEA4D17048CEB006FCEF8 /* Default.png */,
				27DEEA4F17048CEB006FCEF8 /* Default@2x.png */,
				27DEEA5117048CEB006FCEF8 /* Default-568h@2x.png */,
			);
			name = "Supporting Files";
			sourceTree = "<group>";
		};
/* End PBXGroup section */

/* Begin PBXNativeTarget section */
		27DEEA3717048CEB006FCEF8 /* NoVideo */ = {
			isa = PBXNativeTarget;
			buildConfigurationList = 27DEEA5B17048CEB006FCEF8 /* Build configuration list for PBXNativeTarget "NoVideo" */;
			buildPhases = (
				27DEEA3417048CEB006FCEF8 /* Sources */,
				27DEEA3517048CEB006FCEF8 /* Frameworks */,
				27DEEA3617048CEB006FCEF8 /* Resources */,
			);
			buildRules = (
			);
			dependencies = (
			);
			name = NoVideo;
			productName = NoVideo;
			productReference = 27DEEA3817048CEB006FCEF8 /* NoVideo.app */;
			productType = "com.apple.product-type.application";
		};
/* End PBXNativeTarget section */

/* Begin PBXProject section */
		27DEEA3017048CEB006FCEF8 /* Project object */ = {
			isa = PBXProject;
			attributes = {
				CLASSPREFIX = TS;
				LastUpgradeCheck = 0460;
				ORGANIZATIONNAME = "theScore, Inc.";
			};
			buildConfigurationList = 27DEEA3317048CEB006FCEF8 /* Build configuration list for PBXProject "NoVideo" */;
			compatibilityVersion = "Xcode 3.2";
			developmentRegion = English;
			hasScannedForEncodings = 0;
			knownRegions = (
				en,
			);
			mainGroup = 27DEEA2F17048CEB006FCEF8;
			productRefGroup = 27DEEA3917048CEB006FCEF8 /* Products */;
			projectDirPath = "";
			projectRoot = "";
			targets = (
				27DEEA3717048CEB006FCEF8 /* NoVideo */,
			);
		};
/* End PBXProject section */

/* Begin PBXResourcesBuildPhase section */
		27DEEA3617048CEB006FCEF8 /* Resources */ = {
			isa = PBXResourcesBuildPhase;
			buildActionMask = 2147483647;
			files = (
				27DEEA4617048CEB006FCEF8 /* InfoPlist.strings in Resources */,
				27DEEA4E17048CEB006FCEF8 /* Default.png in Resources */,
				27DEEA5017048CEB006FCEF8 /* Default@2x.png in Resources */,
				27DEEA5217048CEB006FCEF8 /* Default-568h@2x.png in Resources */,
				27DEEA5517048CEB006FCEF8 /* MainStoryboard.storyboard in Resources */,
				279724EC1784850400F1FC64 /* MPAdBrowserController.xib in Resources */,
				279724FF1784850400F1FC64 /* LICENSE in Resources */,
				279725191784850400F1FC64 /* MPCloseButtonX.png in Resources */,
				2797251A1784850400F1FC64 /* MPCloseButtonX@2x.png in Resources */,
				2797251B1784850400F1FC64 /* MRAID.bundle in Resources */,
				279725781784855500F1FC64 /* LICENSE.txt in Resources */,
			);
			runOnlyForDeploymentPostprocessing = 0;
		};
/* End PBXResourcesBuildPhase section */

/* Begin PBXSourcesBuildPhase section */
		27DEEA3417048CEB006FCEF8 /* Sources */ = {
			isa = PBXSourcesBuildPhase;
			buildActionMask = 2147483647;
			files = (
				27DEEA4817048CEB006FCEF8 /* main.m in Sources */,
				27DEEA4C17048CEB006FCEF8 /* TSAppDelegate.m in Sources */,
				27DEEA5817048CEB006FCEF8 /* TSViewController.m in Sources */,
				279724E71784850400F1FC64 /* MPBannerAdManager.m in Sources */,
				279724E81784850400F1FC64 /* MPBannerCustomEventAdapter.m in Sources */,
				279724E91784850400F1FC64 /* MPBaseBannerAdapter.m in Sources */,
				279724EA1784850400F1FC64 /* MPLegacyBannerCustomEventAdapter.m in Sources */,
				279724EB1784850400F1FC64 /* MPAdBrowserController.m in Sources */,
				279724ED1784850400F1FC64 /* MPAdConfiguration.m in Sources */,
				279724EE1784850400F1FC64 /* MPAdDestinationDisplayAgent.m in Sources */,
				279724EF1784850400F1FC64 /* MPAdServerCommunicator.m in Sources */,
				279724F01784850400F1FC64 /* MPAdServerURLBuilder.m in Sources */,
				279724F11784850400F1FC64 /* MPFacebookKeywordProvider.m in Sources */,
				279724F21784850400F1FC64 /* MPProgressOverlayView.m in Sources */,
				279724F31784850400F1FC64 /* MPURLResolver.m in Sources */,
				279724F41784850400F1FC64 /* MPAdWebView.m in Sources */,
				279724F51784850400F1FC64 /* MPAdWebViewAgent.m in Sources */,
				279724F61784850400F1FC64 /* MPHTMLBannerCustomEvent.m in Sources */,
				279724F71784850400F1FC64 /* MPHTMLInterstitialCustomEvent.m in Sources */,
				279724F81784850400F1FC64 /* MPHTMLInterstitialViewController.m in Sources */,
				279724F91784850400F1FC64 /* MPBaseInterstitialAdapter.m in Sources */,
				279724FA1784850400F1FC64 /* MPInterstitialAdManager.m in Sources */,
				279724FB1784850400F1FC64 /* MPInterstitialCustomEventAdapter.m in Sources */,
				279724FC1784850400F1FC64 /* MPInterstitialViewController.m in Sources */,
				279724FD1784850400F1FC64 /* MPLegacyInterstitialCustomEventAdapter.m in Sources */,
				279724FE1784850400F1FC64 /* MPInstanceProvider.m in Sources */,
				279725001784850400F1FC64 /* MPMRAIDBannerCustomEvent.m in Sources */,
				279725011784850400F1FC64 /* MPMRAIDInterstitialCustomEvent.m in Sources */,
				279725021784850400F1FC64 /* MPMRAIDInterstitialViewController.m in Sources */,
				279725031784850400F1FC64 /* MRAdView.m in Sources */,
				279725041784850400F1FC64 /* MRAdViewDisplayController.m in Sources */,
				279725051784850400F1FC64 /* MRCommand.m in Sources */,
				279725061784850400F1FC64 /* MRDimmingView.m in Sources */,
				279725071784850400F1FC64 /* MRProperty.m in Sources */,
				279725081784850400F1FC64 /* NSURL+MPAdditions.m in Sources */,
				279725091784850400F1FC64 /* UIViewController+MPAdditions.m in Sources */,
				2797250A1784850400F1FC64 /* UIWebView+MPAdditions.m in Sources */,
				2797250B1784850400F1FC64 /* MPAnalyticsTracker.m in Sources */,
				2797250C1784850400F1FC64 /* MPError.m in Sources */,
				2797250D1784850400F1FC64 /* MPGlobal.m in Sources */,
				2797250E1784850400F1FC64 /* MPIdentityProvider.m in Sources */,
				2797250F1784850400F1FC64 /* MPLogging.m in Sources */,
				279725101784850400F1FC64 /* MPReachability.m in Sources */,
				279725111784850400F1FC64 /* MPSessionTracker.m in Sources */,
				279725121784850400F1FC64 /* MPStoreKitProvider.m in Sources */,
				279725131784850400F1FC64 /* MPTimer.m in Sources */,
				279725141784850400F1FC64 /* MPAdConversionTracker.m in Sources */,
				279725151784850400F1FC64 /* MPAdView.m in Sources */,
				279725161784850400F1FC64 /* MPBannerCustomEvent.m in Sources */,
				279725171784850400F1FC64 /* MPInterstitialAdController.m in Sources */,
				279725181784850400F1FC64 /* MPInterstitialCustomEvent.m in Sources */,
				2797256E1784855500F1FC64 /* CDataScanner.m in Sources */,
				2797256F1784855500F1FC64 /* CFilteringJSONSerializer.m in Sources */,
				279725701784855500F1FC64 /* CJSONDeserializer_BlocksExtensions.m in Sources */,
				279725711784855500F1FC64 /* CJSONSerialization.m in Sources */,
				279725721784855500F1FC64 /* CJSONSerializedData.m in Sources */,
				279725731784855500F1FC64 /* CDataScanner_Extensions.m in Sources */,
				279725741784855500F1FC64 /* NSDictionary_JSONExtensions.m in Sources */,
				279725751784855500F1FC64 /* CJSONDeserializer.m in Sources */,
				279725761784855500F1FC64 /* CJSONScanner.m in Sources */,
				279725771784855500F1FC64 /* CJSONSerializer.m in Sources */,
			);
			runOnlyForDeploymentPostprocessing = 0;
		};
/* End PBXSourcesBuildPhase section */

/* Begin PBXVariantGroup section */
		27DEEA4417048CEB006FCEF8 /* InfoPlist.strings */ = {
			isa = PBXVariantGroup;
			children = (
				27DEEA4517048CEB006FCEF8 /* en */,
			);
			name = InfoPlist.strings;
			sourceTree = "<group>";
		};
		27DEEA5317048CEB006FCEF8 /* MainStoryboard.storyboard */ = {
			isa = PBXVariantGroup;
			children = (
				27DEEA5417048CEB006FCEF8 /* en */,
			);
			name = MainStoryboard.storyboard;
			sourceTree = "<group>";
		};
/* End PBXVariantGroup section */

/* Begin XCBuildConfiguration section */
		27DEEA5917048CEB006FCEF8 /* Debug */ = {
			isa = XCBuildConfiguration;
			buildSettings = {
				ALWAYS_SEARCH_USER_PATHS = NO;
				CLANG_CXX_LANGUAGE_STANDARD = "gnu++0x";
				CLANG_CXX_LIBRARY = "libc++";
				CLANG_WARN_CONSTANT_CONVERSION = YES;
				CLANG_WARN_EMPTY_BODY = YES;
				CLANG_WARN_ENUM_CONVERSION = YES;
				CLANG_WARN_INT_CONVERSION = YES;
				CLANG_WARN__DUPLICATE_METHOD_MATCH = YES;
				"CODE_SIGN_IDENTITY[sdk=iphoneos*]" = "iPhone Developer";
				COPY_PHASE_STRIP = NO;
				GCC_C_LANGUAGE_STANDARD = gnu99;
				GCC_DYNAMIC_NO_PIC = NO;
				GCC_OPTIMIZATION_LEVEL = 0;
				GCC_PREPROCESSOR_DEFINITIONS = (
					"DEBUG=1",
					"$(inherited)",
				);
				GCC_SYMBOLS_PRIVATE_EXTERN = NO;
				GCC_WARN_ABOUT_RETURN_TYPE = YES;
				GCC_WARN_UNINITIALIZED_AUTOS = YES;
				GCC_WARN_UNUSED_VARIABLE = YES;
				IPHONEOS_DEPLOYMENT_TARGET = 6.1;
				ONLY_ACTIVE_ARCH = YES;
				SDKROOT = iphoneos;
			};
			name = Debug;
		};
		27DEEA5A17048CEB006FCEF8 /* Release */ = {
			isa = XCBuildConfiguration;
			buildSettings = {
				ALWAYS_SEARCH_USER_PATHS = NO;
				CLANG_CXX_LANGUAGE_STANDARD = "gnu++0x";
				CLANG_CXX_LIBRARY = "libc++";
				CLANG_WARN_CONSTANT_CONVERSION = YES;
				CLANG_WARN_EMPTY_BODY = YES;
				CLANG_WARN_ENUM_CONVERSION = YES;
				CLANG_WARN_INT_CONVERSION = YES;
				CLANG_WARN__DUPLICATE_METHOD_MATCH = YES;
				"CODE_SIGN_IDENTITY[sdk=iphoneos*]" = "iPhone Developer";
				COPY_PHASE_STRIP = YES;
				GCC_C_LANGUAGE_STANDARD = gnu99;
				GCC_WARN_ABOUT_RETURN_TYPE = YES;
				GCC_WARN_UNINITIALIZED_AUTOS = YES;
				GCC_WARN_UNUSED_VARIABLE = YES;
				IPHONEOS_DEPLOYMENT_TARGET = 6.1;
				OTHER_CFLAGS = "-DNS_BLOCK_ASSERTIONS=1";
				SDKROOT = iphoneos;
				VALIDATE_PRODUCT = YES;
			};
			name = Release;
		};
		27DEEA5C17048CEB006FCEF8 /* Debug */ = {
			isa = XCBuildConfiguration;
			buildSettings = {
				GCC_PRECOMPILE_PREFIX_HEADER = YES;
				GCC_PREFIX_HEADER = "NoVideo/NoVideo-Prefix.pch";
				INFOPLIST_FILE = "NoVideo/NoVideo-Info.plist";
				PRODUCT_NAME = "$(TARGET_NAME)";
				WRAPPER_EXTENSION = app;
			};
			name = Debug;
		};
		27DEEA5D17048CEB006FCEF8 /* Release */ = {
			isa = XCBuildConfiguration;
			buildSettings = {
				GCC_PRECOMPILE_PREFIX_HEADER = YES;
				GCC_PREFIX_HEADER = "NoVideo/NoVideo-Prefix.pch";
				INFOPLIST_FILE = "NoVideo/NoVideo-Info.plist";
				PRODUCT_NAME = "$(TARGET_NAME)";
				WRAPPER_EXTENSION = app;
			};
			name = Release;
		};
/* End XCBuildConfiguration section */

/* Begin XCConfigurationList section */
		27DEEA3317048CEB006FCEF8 /* Build configuration list for PBXProject "NoVideo" */ = {
			isa = XCConfigurationList;
			buildConfigurations = (
				27DEEA5917048CEB006FCEF8 /* Debug */,
				27DEEA5A17048CEB006FCEF8 /* Release */,
			);
			defaultConfigurationIsVisible = 0;
			defaultConfigurationName = Release;
		};
		27DEEA5B17048CEB006FCEF8 /* Build configuration list for PBXNativeTarget "NoVideo" */ = {
			isa = XCConfigurationList;
			buildConfigurations = (
				27DEEA5C17048CEB006FCEF8 /* Debug */,
				27DEEA5D17048CEB006FCEF8 /* Release */,
			);
			defaultConfigurationIsVisible = 0;
			defaultConfigurationName = Release;
		};
/* End XCConfigurationList section */
	};
	rootObject = 27DEEA3017048CEB006FCEF8 /* Project object */;
}
